name: Update flake.lock
on:
  workflow_dispatch:
  schedule:
    - cron: '0 0 * * 0'
permissions:
  contents: write
  pull-requests: write
jobs:
  update-lock:
    runs-on: ubuntu-latest
    steps:
      - uses: actions/checkout@v4
      - uses: DeterminateSystems/nix-installer-action@main
      - uses: DeterminateSystems/update-flake-lock@main
        with:
          inputs: nixpkgs home-manager nix-on-droid flake-parts systems
          commit-msg: "chore(flake): update inputs"
          pr-title: "chore(flake): update inputs"
          pr-labels: "dependencies,automated"
          pr-body: "Automated update of flake inputs via GitHub Actions."
          sign-commits: "true"
